{
  "requires": true,
  "lockfileVersion": 1,
  "dependencies": {
    "react-circular-progressbar": {
      "version": "2.1.0",
      "resolved": "https://registry.npmjs.org/react-circular-progressbar/-/react-circular-progressbar-2.1.0.tgz",
      "integrity": "sha512-xp4THTrod4aLpGy68FX/k1Q3nzrfHUjUe5v6FsdwXBl3YVMwgeXYQKDrku7n/D6qsJA9CuunarAboC2xCiKs1g=="
    }
  }
}
